// !$*UTF8*$!
{
	archiveVersion = 1;
	classes = {
	};
	objectVersion = 56;
	objects = {

/* Begin PBXBuildFile section */
		EFED71582ACB0148004ED7C7 /* AppDelegate.swift in Sources */ = {isa = PBXBuildFile; fileRef = EFED71572ACB0148004ED7C7 /* AppDelegate.swift */; };
		EFED715A2ACB0148004ED7C7 /* SceneDelegate.swift in Sources */ = {isa = PBXBuildFile; fileRef = EFED71592ACB0148004ED7C7 /* SceneDelegate.swift */; };
		EFED715C2ACB0148004ED7C7 /* ViewController.swift in Sources */ = {isa = PBXBuildFile; fileRef = EFED715B2ACB0148004ED7C7 /* ViewController.swift */; };
		EFED715F2ACB0148004ED7C7 /* Main.storyboard in Resources */ = {isa = PBXBuildFile; fileRef = EFED715D2ACB0148004ED7C7 /* Main.storyboard */; };
		EFED71612ACB014A004ED7C7 /* Assets.xcassets in Resources */ = {isa = PBXBuildFile; fileRef = EFED71602ACB014A004ED7C7 /* Assets.xcassets */; };
		EFED71642ACB014A004ED7C7 /* LaunchScreen.storyboard in Resources */ = {isa = PBXBuildFile; fileRef = EFED71622ACB014A004ED7C7 /* LaunchScreen.storyboard */; };
		EFED716D2ACB02B1004ED7C7 /* KakaoSDK in Frameworks */ = {isa = PBXBuildFile; productRef = EFED716C2ACB02B1004ED7C7 /* KakaoSDK */; };
		EFED716F2ACB02B1004ED7C7 /* KakaoSDKAuth in Frameworks */ = {isa = PBXBuildFile; productRef = EFED716E2ACB02B1004ED7C7 /* KakaoSDKAuth */; };
		EFED71712ACB02B1004ED7C7 /* KakaoSDKCert in Frameworks */ = {isa = PBXBuildFile; productRef = EFED71702ACB02B1004ED7C7 /* KakaoSDKCert */; };
		EFED71732ACB02B1004ED7C7 /* KakaoSDKCertCore in Frameworks */ = {isa = PBXBuildFile; productRef = EFED71722ACB02B1004ED7C7 /* KakaoSDKCertCore */; };
		EFED71752ACB02B1004ED7C7 /* KakaoSDKCommon in Frameworks */ = {isa = PBXBuildFile; productRef = EFED71742ACB02B1004ED7C7 /* KakaoSDKCommon */; };
		EFED71772ACB02B1004ED7C7 /* KakaoSDKFriend in Frameworks */ = {isa = PBXBuildFile; productRef = EFED71762ACB02B1004ED7C7 /* KakaoSDKFriend */; };
		EFED71792ACB02B1004ED7C7 /* KakaoSDKFriendCore in Frameworks */ = {isa = PBXBuildFile; productRef = EFED71782ACB02B1004ED7C7 /* KakaoSDKFriendCore */; };
		EFED717B2ACB02B1004ED7C7 /* KakaoSDKNavi in Frameworks */ = {isa = PBXBuildFile; productRef = EFED717A2ACB02B1004ED7C7 /* KakaoSDKNavi */; };
		EFED717D2ACB02B1004ED7C7 /* KakaoSDKShare in Frameworks */ = {isa = PBXBuildFile; productRef = EFED717C2ACB02B1004ED7C7 /* KakaoSDKShare */; };
		EFED717F2ACB02B1004ED7C7 /* KakaoSDKStory in Frameworks */ = {isa = PBXBuildFile; productRef = EFED717E2ACB02B1004ED7C7 /* KakaoSDKStory */; };
		EFED71812ACB02B1004ED7C7 /* KakaoSDKTalk in Frameworks */ = {isa = PBXBuildFile; productRef = EFED71802ACB02B1004ED7C7 /* KakaoSDKTalk */; };
		EFED71832ACB02B1004ED7C7 /* KakaoSDKTemplate in Frameworks */ = {isa = PBXBuildFile; productRef = EFED71822ACB02B1004ED7C7 /* KakaoSDKTemplate */; };
		EFED71852ACB02B1004ED7C7 /* KakaoSDKUser in Frameworks */ = {isa = PBXBuildFile; productRef = EFED71842ACB02B1004ED7C7 /* KakaoSDKUser */; };
		EFED71882ACB0C78004ED7C7 /* KakaoAuthViewM.swift in Sources */ = {isa = PBXBuildFile; fileRef = EFED71872ACB0C78004ED7C7 /* KakaoAuthViewM.swift */; };
		EFED718B2ACB0E1A004ED7C7 /* SnapKit in Frameworks */ = {isa = PBXBuildFile; productRef = EFED718A2ACB0E1A004ED7C7 /* SnapKit */; };
		EFED718D2ACE8549004ED7C7 /* logout2.png in Resources */ = {isa = PBXBuildFile; fileRef = EFED718C2ACE8549004ED7C7 /* logout2.png */; };
		EFED71912ACE8561004ED7C7 /* loginFB.png in Resources */ = {isa = PBXBuildFile; fileRef = EFED71902ACE8561004ED7C7 /* loginFB.png */; };
		EFED71932ACE8564004ED7C7 /* login2.png in Resources */ = {isa = PBXBuildFile; fileRef = EFED71922ACE8564004ED7C7 /* login2.png */; };
		EFED71952ACE8566004ED7C7 /* main2.png in Resources */ = {isa = PBXBuildFile; fileRef = EFED71942ACE8566004ED7C7 /* main2.png */; };
		EFED71972ACE86F9004ED7C7 /* logoutBtn.png in Resources */ = {isa = PBXBuildFile; fileRef = EFED71962ACE86F9004ED7C7 /* logoutBtn.png */; };
/* End PBXBuildFile section */

/* Begin PBXFileReference section */
		EFED71542ACB0148004ED7C7 /* kakaologinUIkit.app */ = {isa = PBXFileReference; explicitFileType = wrapper.application; includeInIndex = 0; path = kakaologinUIkit.app; sourceTree = BUILT_PRODUCTS_DIR; };
		EFED71572ACB0148004ED7C7 /* AppDelegate.swift */ = {isa = PBXFileReference; lastKnownFileType = sourcecode.swift; path = AppDelegate.swift; sourceTree = "<group>"; };
		EFED71592ACB0148004ED7C7 /* SceneDelegate.swift */ = {isa = PBXFileReference; lastKnownFileType = sourcecode.swift; path = SceneDelegate.swift; sourceTree = "<group>"; };
		EFED715B2ACB0148004ED7C7 /* ViewController.swift */ = {isa = PBXFileReference; lastKnownFileType = sourcecode.swift; path = ViewController.swift; sourceTree = "<group>"; };
		EFED715E2ACB0148004ED7C7 /* Base */ = {isa = PBXFileReference; lastKnownFileType = file.storyboard; name = Base; path = Base.lproj/Main.storyboard; sourceTree = "<group>"; };
		EFED71602ACB014A004ED7C7 /* Assets.xcassets */ = {isa = PBXFileReference; lastKnownFileType = folder.assetcatalog; path = Assets.xcassets; sourceTree = "<group>"; };
		EFED71632ACB014A004ED7C7 /* Base */ = {isa = PBXFileReference; lastKnownFileType = file.storyboard; name = Base; path = Base.lproj/LaunchScreen.storyboard; sourceTree = "<group>"; };
		EFED71652ACB014A004ED7C7 /* Info.plist */ = {isa = PBXFileReference; lastKnownFileType = text.plist.xml; path = Info.plist; sourceTree = "<group>"; };
		EFED71862ACB0765004ED7C7 /* Config.xcconfig */ = {isa = PBXFileReference; lastKnownFileType = text.xcconfig; path = Config.xcconfig; sourceTree = "<group>"; };
		EFED71872ACB0C78004ED7C7 /* KakaoAuthViewM.swift */ = {isa = PBXFileReference; lastKnownFileType = sourcecode.swift; path = KakaoAuthViewM.swift; sourceTree = "<group>"; };
		EFED718C2ACE8549004ED7C7 /* logout2.png */ = {isa = PBXFileReference; lastKnownFileType = image.png; name = logout2.png; path = ../../../logout2.png; sourceTree = "<group>"; };
		EFED71902ACE8561004ED7C7 /* loginFB.png */ = {isa = PBXFileReference; lastKnownFileType = image.png; name = loginFB.png; path = ../../../loginFB.png; sourceTree = "<group>"; };
		EFED71922ACE8564004ED7C7 /* login2.png */ = {isa = PBXFileReference; lastKnownFileType = image.png; name = login2.png; path = ../../../login2.png; sourceTree = "<group>"; };
		EFED71942ACE8566004ED7C7 /* main2.png */ = {isa = PBXFileReference; lastKnownFileType = image.png; name = main2.png; path = ../../../main2.png; sourceTree = "<group>"; };
		EFED71962ACE86F9004ED7C7 /* logoutBtn.png */ = {isa = PBXFileReference; lastKnownFileType = image.png; name = logoutBtn.png; path = ../../../logoutBtn.png; sourceTree = "<group>"; };
/* End PBXFileReference section */

/* Begin PBXFrameworksBuildPhase section */
		EFED71512ACB0148004ED7C7 /* Frameworks */ = {
			isa = PBXFrameworksBuildPhase;
			buildActionMask = 2147483647;
			files = (
				EFED71792ACB02B1004ED7C7 /* KakaoSDKFriendCore in Frameworks */,
				EFED71732ACB02B1004ED7C7 /* KakaoSDKCertCore in Frameworks */,
				EFED71712ACB02B1004ED7C7 /* KakaoSDKCert in Frameworks */,
				EFED718B2ACB0E1A004ED7C7 /* SnapKit in Frameworks */,
				EFED717F2ACB02B1004ED7C7 /* KakaoSDKStory in Frameworks */,
				EFED717B2ACB02B1004ED7C7 /* KakaoSDKNavi in Frameworks */,
				EFED71832ACB02B1004ED7C7 /* KakaoSDKTemplate in Frameworks */,
				EFED716D2ACB02B1004ED7C7 /* KakaoSDK in Frameworks */,
				EFED71752ACB02B1004ED7C7 /* KakaoSDKCommon in Frameworks */,
				EFED71852ACB02B1004ED7C7 /* KakaoSDKUser in Frameworks */,
				EFED71812ACB02B1004ED7C7 /* KakaoSDKTalk in Frameworks */,
				EFED716F2ACB02B1004ED7C7 /* KakaoSDKAuth in Frameworks */,
				EFED71772ACB02B1004ED7C7 /* KakaoSDKFriend in Frameworks */,
				EFED717D2ACB02B1004ED7C7 /* KakaoSDKShare in Frameworks */,
			);
			runOnlyForDeploymentPostprocessing = 0;
		};
/* End PBXFrameworksBuildPhase section */

/* Begin PBXGroup section */
		EFED714B2ACB0148004ED7C7 = {
			isa = PBXGroup;
			children = (
				EFED71562ACB0148004ED7C7 /* kakaologinUIkit */,
				EFED71552ACB0148004ED7C7 /* Products */,
			);
			sourceTree = "<group>";
		};
		EFED71552ACB0148004ED7C7 /* Products */ = {
			isa = PBXGroup;
			children = (
				EFED71542ACB0148004ED7C7 /* kakaologinUIkit.app */,
			);
			name = Products;
			sourceTree = "<group>";
		};
		EFED71562ACB0148004ED7C7 /* kakaologinUIkit */ = {
			isa = PBXGroup;
			children = (
				EFED71572ACB0148004ED7C7 /* AppDelegate.swift */,
				EFED71592ACB0148004ED7C7 /* SceneDelegate.swift */,
				EFED715B2ACB0148004ED7C7 /* ViewController.swift */,
				EFED715D2ACB0148004ED7C7 /* Main.storyboard */,
				EFED71602ACB014A004ED7C7 /* Assets.xcassets */,
				EFED71622ACB014A004ED7C7 /* LaunchScreen.storyboard */,
				EFED71652ACB014A004ED7C7 /* Info.plist */,
				EFED71862ACB0765004ED7C7 /* Config.xcconfig */,
				EFED71872ACB0C78004ED7C7 /* KakaoAuthViewM.swift */,
				EFED718C2ACE8549004ED7C7 /* logout2.png */,
				EFED71902ACE8561004ED7C7 /* loginFB.png */,
				EFED71922ACE8564004ED7C7 /* login2.png */,
				EFED71962ACE86F9004ED7C7 /* logoutBtn.png */,
				EFED71942ACE8566004ED7C7 /* main2.png */,
			);
			path = kakaologinUIkit;
			sourceTree = "<group>";
		};
/* End PBXGroup section */

/* Begin PBXNativeTarget section */
		EFED71532ACB0148004ED7C7 /* kakaologinUIkit */ = {
			isa = PBXNativeTarget;
			buildConfigurationList = EFED71682ACB014A004ED7C7 /* Build configuration list for PBXNativeTarget "kakaologinUIkit" */;
			buildPhases = (
				EFED71502ACB0148004ED7C7 /* Sources */,
				EFED71512ACB0148004ED7C7 /* Frameworks */,
				EFED71522ACB0148004ED7C7 /* Resources */,
			);
			buildRules = (
			);
			dependencies = (
			);
			name = kakaologinUIkit;
			packageProductDependencies = (
				EFED716C2ACB02B1004ED7C7 /* KakaoSDK */,
				EFED716E2ACB02B1004ED7C7 /* KakaoSDKAuth */,
				EFED71702ACB02B1004ED7C7 /* KakaoSDKCert */,
				EFED71722ACB02B1004ED7C7 /* KakaoSDKCertCore */,
				EFED71742ACB02B1004ED7C7 /* KakaoSDKCommon */,
				EFED71762ACB02B1004ED7C7 /* KakaoSDKFriend */,
				EFED71782ACB02B1004ED7C7 /* KakaoSDKFriendCore */,
				EFED717A2ACB02B1004ED7C7 /* KakaoSDKNavi */,
				EFED717C2ACB02B1004ED7C7 /* KakaoSDKShare */,
				EFED717E2ACB02B1004ED7C7 /* KakaoSDKStory */,
				EFED71802ACB02B1004ED7C7 /* KakaoSDKTalk */,
				EFED71822ACB02B1004ED7C7 /* KakaoSDKTemplate */,
				EFED71842ACB02B1004ED7C7 /* KakaoSDKUser */,
				EFED718A2ACB0E1A004ED7C7 /* SnapKit */,
			);
			productName = kakaologinUIkit;
			productReference = EFED71542ACB0148004ED7C7 /* kakaologinUIkit.app */;
			productType = "com.apple.product-type.application";
		};
/* End PBXNativeTarget section */

/* Begin PBXProject section */
		EFED714C2ACB0148004ED7C7 /* Project object */ = {
			isa = PBXProject;
			attributes = {
				BuildIndependentTargetsInParallel = 1;
				LastSwiftUpdateCheck = 1430;
				LastUpgradeCheck = 1430;
				TargetAttributes = {
					EFED71532ACB0148004ED7C7 = {
						CreatedOnToolsVersion = 14.3.1;
					};
				};
			};
			buildConfigurationList = EFED714F2ACB0148004ED7C7 /* Build configuration list for PBXProject "kakaologinUIkit" */;
			compatibilityVersion = "Xcode 14.0";
			developmentRegion = en;
			hasScannedForEncodings = 0;
			knownRegions = (
				en,
				Base,
			);
			mainGroup = EFED714B2ACB0148004ED7C7;
			packageReferences = (
				EFED716B2ACB02B1004ED7C7 /* XCRemoteSwiftPackageReference "kakao-ios-sdk" */,
				EFED71892ACB0E1A004ED7C7 /* XCRemoteSwiftPackageReference "SnapKit" */,
			);
			productRefGroup = EFED71552ACB0148004ED7C7 /* Products */;
			projectDirPath = "";
			projectRoot = "";
			targets = (
				EFED71532ACB0148004ED7C7 /* kakaologinUIkit */,
			);
		};
/* End PBXProject section */

/* Begin PBXResourcesBuildPhase section */
		EFED71522ACB0148004ED7C7 /* Resources */ = {
			isa = PBXResourcesBuildPhase;
			buildActionMask = 2147483647;
			files = (
				EFED71642ACB014A004ED7C7 /* LaunchScreen.storyboard in Resources */,
				EFED71912ACE8561004ED7C7 /* loginFB.png in Resources */,
				EFED71612ACB014A004ED7C7 /* Assets.xcassets in Resources */,
				EFED71952ACE8566004ED7C7 /* main2.png in Resources */,
				EFED718D2ACE8549004ED7C7 /* logout2.png in Resources */,
				EFED71932ACE8564004ED7C7 /* login2.png in Resources */,
				EFED71972ACE86F9004ED7C7 /* logoutBtn.png in Resources */,
				EFED715F2ACB0148004ED7C7 /* Main.storyboard in Resources */,
			);
			runOnlyForDeploymentPostprocessing = 0;
		};
/* End PBXResourcesBuildPhase section */

/* Begin PBXSourcesBuildPhase section */
		EFED71502ACB0148004ED7C7 /* Sources */ = {
			isa = PBXSourcesBuildPhase;
			buildActionMask = 2147483647;
			files = (
				EFED71882ACB0C78004ED7C7 /* KakaoAuthViewM.swift in Sources */,
				EFED715C2ACB0148004ED7C7 /* ViewController.swift in Sources */,
				EFED71582ACB0148004ED7C7 /* AppDelegate.swift in Sources */,
				EFED715A2ACB0148004ED7C7 /* SceneDelegate.swift in Sources */,
			);
			runOnlyForDeploymentPostprocessing = 0;
		};
/* End PBXSourcesBuildPhase section */

/* Begin PBXVariantGroup section */
		EFED715D2ACB0148004ED7C7 /* Main.storyboard */ = {
			isa = PBXVariantGroup;
			children = (
				EFED715E2ACB0148004ED7C7 /* Base */,
			);
			name = Main.storyboard;
			sourceTree = "<group>";
		};
		EFED71622ACB014A004ED7C7 /* LaunchScreen.storyboard */ = {
			isa = PBXVariantGroup;
			children = (
				EFED71632ACB014A004ED7C7 /* Base */,
			);
			name = LaunchScreen.storyboard;
			sourceTree = "<group>";
		};
/* End PBXVariantGroup section */

/* Begin XCBuildConfiguration section */
		EFED71662ACB014A004ED7C7 /* Debug */ = {
			isa = XCBuildConfiguration;
			baseConfigurationReference = EFED71862ACB0765004ED7C7 /* Config.xcconfig */;
			buildSettings = {
				ALWAYS_SEARCH_USER_PATHS = NO;
				CLANG_ANALYZER_NONNULL = YES;
				CLANG_ANALYZER_NUMBER_OBJECT_CONVERSION = YES_AGGRESSIVE;
				CLANG_CXX_LANGUAGE_STANDARD = "gnu++20";
				CLANG_ENABLE_MODULES = YES;
				CLANG_ENABLE_OBJC_ARC = YES;
				CLANG_ENABLE_OBJC_WEAK = YES;
				CLANG_WARN_BLOCK_CAPTURE_AUTORELEASING = YES;
				CLANG_WARN_BOOL_CONVERSION = YES;
				CLANG_WARN_COMMA = YES;
				CLANG_WARN_CONSTANT_CONVERSION = YES;
				CLANG_WARN_DEPRECATED_OBJC_IMPLEMENTATIONS = YES;
				CLANG_WARN_DIRECT_OBJC_ISA_USAGE = YES_ERROR;
				CLANG_WARN_DOCUMENTATION_COMMENTS = YES;
				CLANG_WARN_EMPTY_BODY = YES;
				CLANG_WARN_ENUM_CONVERSION = YES;
				CLANG_WARN_INFINITE_RECURSION = YES;
				CLANG_WARN_INT_CONVERSION = YES;
				CLANG_WARN_NON_LITERAL_NULL_CONVERSION = YES;
				CLANG_WARN_OBJC_IMPLICIT_RETAIN_SELF = YES;
				CLANG_WARN_OBJC_LITERAL_CONVERSION = YES;
				CLANG_WARN_OBJC_ROOT_CLASS = YES_ERROR;
				CLANG_WARN_QUOTED_INCLUDE_IN_FRAMEWORK_HEADER = YES;
				CLANG_WARN_RANGE_LOOP_ANALYSIS = YES;
				CLANG_WARN_STRICT_PROTOTYPES = YES;
				CLANG_WARN_SUSPICIOUS_MOVE = YES;
				CLANG_WARN_UNGUARDED_AVAILABILITY = YES_AGGRESSIVE;
				CLANG_WARN_UNREACHABLE_CODE = YES;
				CLANG_WARN__DUPLICATE_METHOD_MATCH = YES;
				COPY_PHASE_STRIP = NO;
				DEBUG_INFORMATION_FORMAT = dwarf;
				ENABLE_STRICT_OBJC_MSGSEND = YES;
				ENABLE_TESTABILITY = YES;
				GCC_C_LANGUAGE_STANDARD = gnu11;
				GCC_DYNAMIC_NO_PIC = NO;
				GCC_NO_COMMON_BLOCKS = YES;
				GCC_OPTIMIZATION_LEVEL = 0;
				GCC_PREPROCESSOR_DEFINITIONS = (
					"DEBUG=1",
					"$(inherited)",
				);
				GCC_WARN_64_TO_32_BIT_CONVERSION = YES;
				GCC_WARN_ABOUT_RETURN_TYPE = YES_ERROR;
				GCC_WARN_UNDECLARED_SELECTOR = YES;
				GCC_WARN_UNINITIALIZED_AUTOS = YES_AGGRESSIVE;
				GCC_WARN_UNUSED_FUNCTION = YES;
				GCC_WARN_UNUSED_VARIABLE = YES;
				IPHONEOS_DEPLOYMENT_TARGET = 16.4;
				MTL_ENABLE_DEBUG_INFO = INCLUDE_SOURCE;
				MTL_FAST_MATH = YES;
				ONLY_ACTIVE_ARCH = YES;
				SDKROOT = iphoneos;
				SWIFT_ACTIVE_COMPILATION_CONDITIONS = DEBUG;
				SWIFT_OPTIMIZATION_LEVEL = "-Onone";
			};
			name = Debug;
		};
		EFED71672ACB014A004ED7C7 /* Release */ = {
			isa = XCBuildConfiguration;
			buildSettings = {
				ALWAYS_SEARCH_USER_PATHS = NO;
				CLANG_ANALYZER_NONNULL = YES;
				CLANG_ANALYZER_NUMBER_OBJECT_CONVERSION = YES_AGGRESSIVE;
				CLANG_CXX_LANGUAGE_STANDARD = "gnu++20";
				CLANG_ENABLE_MODULES = YES;
				CLANG_ENABLE_OBJC_ARC = YES;
				CLANG_ENABLE_OBJC_WEAK = YES;
				CLANG_WARN_BLOCK_CAPTURE_AUTORELEASING = YES;
				CLANG_WARN_BOOL_CONVERSION = YES;
				CLANG_WARN_COMMA = YES;
				CLANG_WARN_CONSTANT_CONVERSION = YES;
				CLANG_WARN_DEPRECATED_OBJC_IMPLEMENTATIONS = YES;
				CLANG_WARN_DIRECT_OBJC_ISA_USAGE = YES_ERROR;
				CLANG_WARN_DOCUMENTATION_COMMENTS = YES;
				CLANG_WARN_EMPTY_BODY = YES;
				CLANG_WARN_ENUM_CONVERSION = YES;
				CLANG_WARN_INFINITE_RECURSION = YES;
				CLANG_WARN_INT_CONVERSION = YES;
				CLANG_WARN_NON_LITERAL_NULL_CONVERSION = YES;
				CLANG_WARN_OBJC_IMPLICIT_RETAIN_SELF = YES;
				CLANG_WARN_OBJC_LITERAL_CONVERSION = YES;
				CLANG_WARN_OBJC_ROOT_CLASS = YES_ERROR;
				CLANG_WARN_QUOTED_INCLUDE_IN_FRAMEWORK_HEADER = YES;
				CLANG_WARN_RANGE_LOOP_ANALYSIS = YES;
				CLANG_WARN_STRICT_PROTOTYPES = YES;
				CLANG_WARN_SUSPICIOUS_MOVE = YES;
				CLANG_WARN_UNGUARDED_AVAILABILITY = YES_AGGRESSIVE;
				CLANG_WARN_UNREACHABLE_CODE = YES;
				CLANG_WARN__DUPLICATE_METHOD_MATCH = YES;
				COPY_PHASE_STRIP = NO;
				DEBUG_INFORMATION_FORMAT = "dwarf-with-dsym";
				ENABLE_NS_ASSERTIONS = NO;
				ENABLE_STRICT_OBJC_MSGSEND = YES;
				GCC_C_LANGUAGE_STANDARD = gnu11;
				GCC_NO_COMMON_BLOCKS = YES;
				GCC_WARN_64_TO_32_BIT_CONVERSION = YES;
				GCC_WARN_ABOUT_RETURN_TYPE = YES_ERROR;
				GCC_WARN_UNDECLARED_SELECTOR = YES;
				GCC_WARN_UNINITIALIZED_AUTOS = YES_AGGRESSIVE;
				GCC_WARN_UNUSED_FUNCTION = YES;
				GCC_WARN_UNUSED_VARIABLE = YES;
				IPHONEOS_DEPLOYMENT_TARGET = 16.4;
				MTL_ENABLE_DEBUG_INFO = NO;
				MTL_FAST_MATH = YES;
				SDKROOT = iphoneos;
				SWIFT_COMPILATION_MODE = wholemodule;
				SWIFT_OPTIMIZATION_LEVEL = "-O";
				VALIDATE_PRODUCT = YES;
			};
			name = Release;
		};
		EFED71692ACB014A004ED7C7 /* Debug */ = {
			isa = XCBuildConfiguration;
			baseConfigurationReference = EFED71862ACB0765004ED7C7 /* Config.xcconfig */;
			buildSettings = {
				ASSETCATALOG_COMPILER_APPICON_NAME = AppIcon;
				ASSETCATALOG_COMPILER_GLOBAL_ACCENT_COLOR_NAME = AccentColor;
				CODE_SIGN_STYLE = Automatic;
				CURRENT_PROJECT_VERSION = 1;
				DEVELOPMENT_TEAM = 3DG6C2JMKQ;
				GENERATE_INFOPLIST_FILE = YES;
				INFOPLIST_FILE = kakaologinUIkit/Info.plist;
				INFOPLIST_KEY_UIApplicationSupportsIndirectInputEvents = YES;
				INFOPLIST_KEY_UILaunchStoryboardName = LaunchScreen;
				INFOPLIST_KEY_UIMainStoryboardFile = Main;
				INFOPLIST_KEY_UISupportedInterfaceOrientations_iPad = "UIInterfaceOrientationPortrait UIInterfaceOrientationPortraitUpsideDown UIInterfaceOrientationLandscapeLeft UIInterfaceOrientationLandscapeRight";
				INFOPLIST_KEY_UISupportedInterfaceOrientations_iPhone = "UIInterfaceOrientationPortrait UIInterfaceOrientationLandscapeLeft UIInterfaceOrientationLandscapeRight";
				LD_RUNPATH_SEARCH_PATHS = (
					"$(inherited)",
					"@executable_path/Frameworks",
				);
				MARKETING_VERSION = 1.0;
				PRODUCT_BUNDLE_IDENTIFIER = com.seongwon.dk2;
				PRODUCT_NAME = "$(TARGET_NAME)";
				SWIFT_EMIT_LOC_STRINGS = YES;
				SWIFT_VERSION = 5.0;
				TARGETED_DEVICE_FAMILY = "1,2";
			};
			name = Debug;
		};
		EFED716A2ACB014A004ED7C7 /* Release */ = {
			isa = XCBuildConfiguration;
			buildSettings = {
				ASSETCATALOG_COMPILER_APPICON_NAME = AppIcon;
				ASSETCATALOG_COMPILER_GLOBAL_ACCENT_COLOR_NAME = AccentColor;
				CODE_SIGN_STYLE = Automatic;
				CURRENT_PROJECT_VERSION = 1;
				DEVELOPMENT_TEAM = 3DG6C2JMKQ;
				GENERATE_INFOPLIST_FILE = YES;
				INFOPLIST_FILE = kakaologinUIkit/Info.plist;
				INFOPLIST_KEY_UIApplicationSupportsIndirectInputEvents = YES;
				INFOPLIST_KEY_UILaunchStoryboardName = LaunchScreen;
				INFOPLIST_KEY_UIMainStoryboardFile = Main;
				INFOPLIST_KEY_UISupportedInterfaceOrientations_iPad = "UIInterfaceOrientationPortrait UIInterfaceOrientationPortraitUpsideDown UIInterfaceOrientationLandscapeLeft UIInterfaceOrientationLandscapeRight";
				INFOPLIST_KEY_UISupportedInterfaceOrientations_iPhone = "UIInterfaceOrientationPortrait UIInterfaceOrientationLandscapeLeft UIInterfaceOrientationLandscapeRight";
				LD_RUNPATH_SEARCH_PATHS = (
					"$(inherited)",
					"@executable_path/Frameworks",
				);
				MARKETING_VERSION = 1.0;
				PRODUCT_BUNDLE_IDENTIFIER = com.seongwon.dk2;
				PRODUCT_NAME = "$(TARGET_NAME)";
				SWIFT_EMIT_LOC_STRINGS = YES;
				SWIFT_VERSION = 5.0;
				TARGETED_DEVICE_FAMILY = "1,2";
			};
			name = Release;
		};
/* End XCBuildConfiguration section */

/* Begin XCConfigurationList section */
		EFED714F2ACB0148004ED7C7 /* Build configuration list for PBXProject "kakaologinUIkit" */ = {
			isa = XCConfigurationList;
			buildConfigurations = (
				EFED71662ACB014A004ED7C7 /* Debug */,
				EFED71672ACB014A004ED7C7 /* Release */,
			);
			defaultConfigurationIsVisible = 0;
			defaultConfigurationName = Release;
		};
		EFED71682ACB014A004ED7C7 /* Build configuration list for PBXNativeTarget "kakaologinUIkit" */ = {
			isa = XCConfigurationList;
			buildConfigurations = (
				EFED71692ACB014A004ED7C7 /* Debug */,
				EFED716A2ACB014A004ED7C7 /* Release */,
			);
			defaultConfigurationIsVisible = 0;
			defaultConfigurationName = Release;
		};
/* End XCConfigurationList section */

/* Begin XCRemoteSwiftPackageReference section */
		EFED716B2ACB02B1004ED7C7 /* XCRemoteSwiftPackageReference "kakao-ios-sdk" */ = {
			isa = XCRemoteSwiftPackageReference;
			repositoryURL = "https://github.com/kakao/kakao-ios-sdk";
			requirement = {
				kind = upToNextMajorVersion;
				minimumVersion = 2.0.0;
			};
		};
		EFED71892ACB0E1A004ED7C7 /* XCRemoteSwiftPackageReference "SnapKit" */ = {
			isa = XCRemoteSwiftPackageReference;
			repositoryURL = "https://github.com/SnapKit/SnapKit.git";
			requirement = {
				kind = upToNextMajorVersion;
				minimumVersion = 5.0.0;
			};
		};
/* End XCRemoteSwiftPackageReference section */

/* Begin XCSwiftPackageProductDependency section */
		EFED716C2ACB02B1004ED7C7 /* KakaoSDK */ = {
			isa = XCSwiftPackageProductDependency;
			package = EFED716B2ACB02B1004ED7C7 /* XCRemoteSwiftPackageReference "kakao-ios-sdk" */;
			productName = KakaoSDK;
		};
		EFED716E2ACB02B1004ED7C7 /* KakaoSDKAuth */ = {
			isa = XCSwiftPackageProductDependency;
			package = EFED716B2ACB02B1004ED7C7 /* XCRemoteSwiftPackageReference "kakao-ios-sdk" */;
			productName = KakaoSDKAuth;
		};
		EFED71702ACB02B1004ED7C7 /* KakaoSDKCert */ = {
			isa = XCSwiftPackageProductDependency;
			package = EFED716B2ACB02B1004ED7C7 /* XCRemoteSwiftPackageReference "kakao-ios-sdk" */;
			productName = KakaoSDKCert;
		};
		EFED71722ACB02B1004ED7C7 /* KakaoSDKCertCore */ = {
			isa = XCSwiftPackageProductDependency;
			package = EFED716B2ACB02B1004ED7C7 /* XCRemoteSwiftPackageReference "kakao-ios-sdk" */;
			productName = KakaoSDKCertCore;
		};
		EFED71742ACB02B1004ED7C7 /* KakaoSDKCommon */ = {
			isa = XCSwiftPackageProductDependency;
			package = EFED716B2ACB02B1004ED7C7 /* XCRemoteSwiftPackageReference "kakao-ios-sdk" */;
			productName = KakaoSDKCommon;
		};
		EFED71762ACB02B1004ED7C7 /* KakaoSDKFriend */ = {
			isa = XCSwiftPackageProductDependency;
			package = EFED716B2ACB02B1004ED7C7 /* XCRemoteSwiftPackageReference "kakao-ios-sdk" */;
			productName = KakaoSDKFriend;
		};
		EFED71782ACB02B1004ED7C7 /* KakaoSDKFriendCore */ = {
			isa = XCSwiftPackageProductDependency;
			package = EFED716B2ACB02B1004ED7C7 /* XCRemoteSwiftPackageReference "kakao-ios-sdk" */;
			productName = KakaoSDKFriendCore;
		};
		EFED717A2ACB02B1004ED7C7 /* KakaoSDKNavi */ = {
			isa = XCSwiftPackageProductDependency;
			package = EFED716B2ACB02B1004ED7C7 /* XCRemoteSwiftPackageReference "kakao-ios-sdk" */;
			productName = KakaoSDKNavi;
		};
		EFED717C2ACB02B1004ED7C7 /* KakaoSDKShare */ = {
			isa = XCSwiftPackageProductDependency;
			package = EFED716B2ACB02B1004ED7C7 /* XCRemoteSwiftPackageReference "kakao-ios-sdk" */;
			productName = KakaoSDKShare;
		};
		EFED717E2ACB02B1004ED7C7 /* KakaoSDKStory */ = {
			isa = XCSwiftPackageProductDependency;
			package = EFED716B2ACB02B1004ED7C7 /* XCRemoteSwiftPackageReference "kakao-ios-sdk" */;
			productName = KakaoSDKStory;
		};
		EFED71802ACB02B1004ED7C7 /* KakaoSDKTalk */ = {
			isa = XCSwiftPackageProductDependency;
			package = EFED716B2ACB02B1004ED7C7 /* XCRemoteSwiftPackageReference "kakao-ios-sdk" */;
			productName = KakaoSDKTalk;
		};
		EFED71822ACB02B1004ED7C7 /* KakaoSDKTemplate */ = {
			isa = XCSwiftPackageProductDependency;
			package = EFED716B2ACB02B1004ED7C7 /* XCRemoteSwiftPackageReference "kakao-ios-sdk" */;
			productName = KakaoSDKTemplate;
		};
		EFED71842ACB02B1004ED7C7 /* KakaoSDKUser */ = {
			isa = XCSwiftPackageProductDependency;
			package = EFED716B2ACB02B1004ED7C7 /* XCRemoteSwiftPackageReference "kakao-ios-sdk" */;
			productName = KakaoSDKUser;
		};
		EFED718A2ACB0E1A004ED7C7 /* SnapKit */ = {
			isa = XCSwiftPackageProductDependency;
			package = EFED71892ACB0E1A004ED7C7 /* XCRemoteSwiftPackageReference "SnapKit" */;
			productName = SnapKit;
		};
/* End XCSwiftPackageProductDependency section */
	};
	rootObject = EFED714C2ACB0148004ED7C7 /* Project object */;
}
