// !$*UTF8*$!
{
	archiveVersion = 1;
	classes = {
	};
	objectVersion = 56;
	objects = {

/* Begin PBXBuildFile section */
		12080C212B15A42500669617 /* DiseasePageViewController.swift in Sources */ = {isa = PBXBuildFile; fileRef = 12080C1F2B15A42400669617 /* DiseasePageViewController.swift */; };
		12080C222B15A42500669617 /* MyPageViewController.swift in Sources */ = {isa = PBXBuildFile; fileRef = 12080C202B15A42400669617 /* MyPageViewController.swift */; };
		1237AFC62B142EC6009B05CA /* PillSearchViewController.swift in Sources */ = {isa = PBXBuildFile; fileRef = 1237AFC52B142EC6009B05CA /* PillSearchViewController.swift */; };
		1284FBE22B01DA3500EEDF28 /* TestViewController.swift in Sources */ = {isa = PBXBuildFile; fileRef = 1284FBE12B01DA3500EEDF28 /* TestViewController.swift */; };
		1284FBE52B03B1AE00EEDF28 /* MyCell.swift in Sources */ = {isa = PBXBuildFile; fileRef = 1284FBE42B03B1AE00EEDF28 /* MyCell.swift */; };
		1284FBE72B04E0CA00EEDF28 /* ApiParser.swift in Sources */ = {isa = PBXBuildFile; fileRef = 1284FBE62B04E0CA00EEDF28 /* ApiParser.swift */; };
		1299D4EC2ADD5A5B00BB675F /* GoogleService-Info.plist in Resources */ = {isa = PBXBuildFile; fileRef = 1299D4EB2ADD5A5B00BB675F /* GoogleService-Info.plist */; };
		12ABD8DB2B159E6E00B22331 /* mediPageViewController.swift in Sources */ = {isa = PBXBuildFile; fileRef = 12ABD8DA2B159E6D00B22331 /* mediPageViewController.swift */; };
		12C071632AD15759008474AB /* KakaoSDK in Frameworks */ = {isa = PBXBuildFile; productRef = 12C071622AD15759008474AB /* KakaoSDK */; };
		12C071652AD15759008474AB /* KakaoSDKAuth in Frameworks */ = {isa = PBXBuildFile; productRef = 12C071642AD15759008474AB /* KakaoSDKAuth */; };
		12C071672AD15759008474AB /* KakaoSDKCert in Frameworks */ = {isa = PBXBuildFile; productRef = 12C071662AD15759008474AB /* KakaoSDKCert */; };
		12C071692AD15759008474AB /* KakaoSDKCertCore in Frameworks */ = {isa = PBXBuildFile; productRef = 12C071682AD15759008474AB /* KakaoSDKCertCore */; };
		12C0716B2AD15759008474AB /* KakaoSDKCommon in Frameworks */ = {isa = PBXBuildFile; productRef = 12C0716A2AD15759008474AB /* KakaoSDKCommon */; };
		12C0716D2AD15780008474AB /* KakaoSDK in Frameworks */ = {isa = PBXBuildFile; productRef = 12C0716C2AD15780008474AB /* KakaoSDK */; };
		12C0716F2AD15780008474AB /* KakaoSDKAuth in Frameworks */ = {isa = PBXBuildFile; productRef = 12C0716E2AD15780008474AB /* KakaoSDKAuth */; };
		12C071712AD15780008474AB /* KakaoSDKCert in Frameworks */ = {isa = PBXBuildFile; productRef = 12C071702AD15780008474AB /* KakaoSDKCert */; };
		12C071732AD15780008474AB /* KakaoSDKCertCore in Frameworks */ = {isa = PBXBuildFile; productRef = 12C071722AD15780008474AB /* KakaoSDKCertCore */; };
		12C071752AD15780008474AB /* KakaoSDKCommon in Frameworks */ = {isa = PBXBuildFile; productRef = 12C071742AD15780008474AB /* KakaoSDKCommon */; };
		12C071772AD15780008474AB /* KakaoSDKFriend in Frameworks */ = {isa = PBXBuildFile; productRef = 12C071762AD15780008474AB /* KakaoSDKFriend */; };
		12C071792AD15780008474AB /* KakaoSDKFriendCore in Frameworks */ = {isa = PBXBuildFile; productRef = 12C071782AD15780008474AB /* KakaoSDKFriendCore */; };
		12C0717B2AD15780008474AB /* KakaoSDKNavi in Frameworks */ = {isa = PBXBuildFile; productRef = 12C0717A2AD15780008474AB /* KakaoSDKNavi */; };
		12C0717D2AD15780008474AB /* KakaoSDKShare in Frameworks */ = {isa = PBXBuildFile; productRef = 12C0717C2AD15780008474AB /* KakaoSDKShare */; };
		12C0717F2AD15780008474AB /* KakaoSDKStory in Frameworks */ = {isa = PBXBuildFile; productRef = 12C0717E2AD15780008474AB /* KakaoSDKStory */; };
		12C071812AD15780008474AB /* KakaoSDKTalk in Frameworks */ = {isa = PBXBuildFile; productRef = 12C071802AD15780008474AB /* KakaoSDKTalk */; };
		12C071832AD15780008474AB /* KakaoSDKTemplate in Frameworks */ = {isa = PBXBuildFile; productRef = 12C071822AD15780008474AB /* KakaoSDKTemplate */; };
		12C071852AD15780008474AB /* KakaoSDKUser in Frameworks */ = {isa = PBXBuildFile; productRef = 12C071842AD15780008474AB /* KakaoSDKUser */; };
		12C32CF22ADABB0300E68149 /* FirebaseAnalytics in Frameworks */ = {isa = PBXBuildFile; productRef = 12C32CF12ADABB0300E68149 /* FirebaseAnalytics */; };
		12C32CF42ADABB0300E68149 /* FirebaseAnalyticsOnDeviceConversion in Frameworks */ = {isa = PBXBuildFile; productRef = 12C32CF32ADABB0300E68149 /* FirebaseAnalyticsOnDeviceConversion */; };
		12C32CF62ADABB0300E68149 /* FirebaseAnalyticsSwift in Frameworks */ = {isa = PBXBuildFile; productRef = 12C32CF52ADABB0300E68149 /* FirebaseAnalyticsSwift */; };
		12C32CF82ADABB0300E68149 /* FirebaseAnalyticsWithoutAdIdSupport in Frameworks */ = {isa = PBXBuildFile; productRef = 12C32CF72ADABB0300E68149 /* FirebaseAnalyticsWithoutAdIdSupport */; };
		12C32CFA2ADABB0300E68149 /* FirebaseAppCheck in Frameworks */ = {isa = PBXBuildFile; productRef = 12C32CF92ADABB0300E68149 /* FirebaseAppCheck */; };
		12C32CFC2ADABB0300E68149 /* FirebaseAppDistribution-Beta in Frameworks */ = {isa = PBXBuildFile; productRef = 12C32CFB2ADABB0300E68149 /* FirebaseAppDistribution-Beta */; };
		12C32CFE2ADABB0300E68149 /* FirebaseAuth in Frameworks */ = {isa = PBXBuildFile; productRef = 12C32CFD2ADABB0300E68149 /* FirebaseAuth */; };
		12C32D002ADABB0300E68149 /* FirebaseAuthCombine-Community in Frameworks */ = {isa = PBXBuildFile; productRef = 12C32CFF2ADABB0300E68149 /* FirebaseAuthCombine-Community */; };
		12C32D022ADABB0300E68149 /* FirebaseCrashlytics in Frameworks */ = {isa = PBXBuildFile; productRef = 12C32D012ADABB0300E68149 /* FirebaseCrashlytics */; };
		12C32D042ADABB0300E68149 /* FirebaseDatabase in Frameworks */ = {isa = PBXBuildFile; productRef = 12C32D032ADABB0300E68149 /* FirebaseDatabase */; };
		12C32D062ADABB0300E68149 /* FirebaseDatabaseSwift in Frameworks */ = {isa = PBXBuildFile; productRef = 12C32D052ADABB0300E68149 /* FirebaseDatabaseSwift */; };
		12C32D082ADABB0300E68149 /* FirebaseDynamicLinks in Frameworks */ = {isa = PBXBuildFile; productRef = 12C32D072ADABB0300E68149 /* FirebaseDynamicLinks */; };
		12C32D0A2ADABB0300E68149 /* FirebaseFirestore in Frameworks */ = {isa = PBXBuildFile; productRef = 12C32D092ADABB0300E68149 /* FirebaseFirestore */; };
		12C32D0C2ADABB0300E68149 /* FirebaseFirestoreCombine-Community in Frameworks */ = {isa = PBXBuildFile; productRef = 12C32D0B2ADABB0300E68149 /* FirebaseFirestoreCombine-Community */; };
		12C80E782ADAB4EC007D6CEE /* GoogleAuthM.swift in Sources */ = {isa = PBXBuildFile; fileRef = 12C80E772ADAB4EC007D6CEE /* GoogleAuthM.swift */; };
		12DC70372B142453003D1E49 /* CalViewController.swift in Sources */ = {isa = PBXBuildFile; fileRef = 12DC70362B142453003D1E49 /* CalViewController.swift */; };
		12DC70392B142518003D1E49 /* TabBarViewController.swift in Sources */ = {isa = PBXBuildFile; fileRef = 12DC70382B142518003D1E49 /* TabBarViewController.swift */; };
		12DE5B9E2AEF937E0080E1FC /* MainViewController.swift in Sources */ = {isa = PBXBuildFile; fileRef = 12DE5B9D2AEF937E0080E1FC /* MainViewController.swift */; };
		12E7BECD2ADAB8510003F123 /* GoogleSignIn in Frameworks */ = {isa = PBXBuildFile; productRef = 12E7BECC2ADAB8510003F123 /* GoogleSignIn */; };
		12E7BECF2ADAB8510003F123 /* GoogleSignInSwift in Frameworks */ = {isa = PBXBuildFile; productRef = 12E7BECE2ADAB8510003F123 /* GoogleSignInSwift */; };
		EFED71582ACB0148004ED7C7 /* AppDelegate.swift in Sources */ = {isa = PBXBuildFile; fileRef = EFED71572ACB0148004ED7C7 /* AppDelegate.swift */; };
		EFED715A2ACB0148004ED7C7 /* SceneDelegate.swift in Sources */ = {isa = PBXBuildFile; fileRef = EFED71592ACB0148004ED7C7 /* SceneDelegate.swift */; };
		EFED715C2ACB0148004ED7C7 /* LoginViewController.swift in Sources */ = {isa = PBXBuildFile; fileRef = EFED715B2ACB0148004ED7C7 /* LoginViewController.swift */; };
		EFED71612ACB014A004ED7C7 /* Assets.xcassets in Resources */ = {isa = PBXBuildFile; fileRef = EFED71602ACB014A004ED7C7 /* Assets.xcassets */; };
		EFED71642ACB014A004ED7C7 /* LaunchScreen.storyboard in Resources */ = {isa = PBXBuildFile; fileRef = EFED71622ACB014A004ED7C7 /* LaunchScreen.storyboard */; };
		EFED716D2ACB02B1004ED7C7 /* KakaoSDK in Frameworks */ = {isa = PBXBuildFile; productRef = EFED716C2ACB02B1004ED7C7 /* KakaoSDK */; };
		EFED716F2ACB02B1004ED7C7 /* KakaoSDKAuth in Frameworks */ = {isa = PBXBuildFile; productRef = EFED716E2ACB02B1004ED7C7 /* KakaoSDKAuth */; };
		EFED71712ACB02B1004ED7C7 /* KakaoSDKCert in Frameworks */ = {isa = PBXBuildFile; productRef = EFED71702ACB02B1004ED7C7 /* KakaoSDKCert */; };
		EFED71732ACB02B1004ED7C7 /* KakaoSDKCertCore in Frameworks */ = {isa = PBXBuildFile; productRef = EFED71722ACB02B1004ED7C7 /* KakaoSDKCertCore */; };
		EFED71752ACB02B1004ED7C7 /* KakaoSDKCommon in Frameworks */ = {isa = PBXBuildFile; productRef = EFED71742ACB02B1004ED7C7 /* KakaoSDKCommon */; };
		EFED71772ACB02B1004ED7C7 /* KakaoSDKFriend in Frameworks */ = {isa = PBXBuildFile; productRef = EFED71762ACB02B1004ED7C7 /* KakaoSDKFriend */; };
		EFED71792ACB02B1004ED7C7 /* KakaoSDKFriendCore in Frameworks */ = {isa = PBXBuildFile; productRef = EFED71782ACB02B1004ED7C7 /* KakaoSDKFriendCore */; };
		EFED717B2ACB02B1004ED7C7 /* KakaoSDKNavi in Frameworks */ = {isa = PBXBuildFile; productRef = EFED717A2ACB02B1004ED7C7 /* KakaoSDKNavi */; };
		EFED717D2ACB02B1004ED7C7 /* KakaoSDKShare in Frameworks */ = {isa = PBXBuildFile; productRef = EFED717C2ACB02B1004ED7C7 /* KakaoSDKShare */; };
		EFED717F2ACB02B1004ED7C7 /* KakaoSDKStory in Frameworks */ = {isa = PBXBuildFile; productRef = EFED717E2ACB02B1004ED7C7 /* KakaoSDKStory */; };
		EFED71812ACB02B1004ED7C7 /* KakaoSDKTalk in Frameworks */ = {isa = PBXBuildFile; productRef = EFED71802ACB02B1004ED7C7 /* KakaoSDKTalk */; };
		EFED71832ACB02B1004ED7C7 /* KakaoSDKTemplate in Frameworks */ = {isa = PBXBuildFile; productRef = EFED71822ACB02B1004ED7C7 /* KakaoSDKTemplate */; };
		EFED71852ACB02B1004ED7C7 /* KakaoSDKUser in Frameworks */ = {isa = PBXBuildFile; productRef = EFED71842ACB02B1004ED7C7 /* KakaoSDKUser */; };
		EFED71882ACB0C78004ED7C7 /* KakaoAuthM.swift in Sources */ = {isa = PBXBuildFile; fileRef = EFED71872ACB0C78004ED7C7 /* KakaoAuthM.swift */; };
		EFED718B2ACB0E1A004ED7C7 /* SnapKit in Frameworks */ = {isa = PBXBuildFile; productRef = EFED718A2ACB0E1A004ED7C7 /* SnapKit */; };
/* End PBXBuildFile section */

/* Begin PBXFileReference section */
		12080C1F2B15A42400669617 /* DiseasePageViewController.swift */ = {isa = PBXFileReference; fileEncoding = 4; lastKnownFileType = sourcecode.swift; path = DiseasePageViewController.swift; sourceTree = "<group>"; };
		12080C202B15A42400669617 /* MyPageViewController.swift */ = {isa = PBXFileReference; fileEncoding = 4; lastKnownFileType = sourcecode.swift; path = MyPageViewController.swift; sourceTree = "<group>"; };
		1237AFC52B142EC6009B05CA /* PillSearchViewController.swift */ = {isa = PBXFileReference; lastKnownFileType = sourcecode.swift; path = PillSearchViewController.swift; sourceTree = "<group>"; };
		127ABB592ACFB5CE007E8D5E /* Config.xcconfig */ = {isa = PBXFileReference; lastKnownFileType = text.xcconfig; path = Config.xcconfig; sourceTree = "<group>"; };
		1284FBE12B01DA3500EEDF28 /* TestViewController.swift */ = {isa = PBXFileReference; lastKnownFileType = sourcecode.swift; path = TestViewController.swift; sourceTree = "<group>"; };
		1284FBE42B03B1AE00EEDF28 /* MyCell.swift */ = {isa = PBXFileReference; lastKnownFileType = sourcecode.swift; path = MyCell.swift; sourceTree = "<group>"; };
		1284FBE62B04E0CA00EEDF28 /* ApiParser.swift */ = {isa = PBXFileReference; lastKnownFileType = sourcecode.swift; path = ApiParser.swift; sourceTree = "<group>"; };
		1299D4EB2ADD5A5B00BB675F /* GoogleService-Info.plist */ = {isa = PBXFileReference; fileEncoding = 4; lastKnownFileType = text.plist.xml; path = "GoogleService-Info.plist"; sourceTree = "<group>"; };
		12ABD8DA2B159E6D00B22331 /* mediPageViewController.swift */ = {isa = PBXFileReference; fileEncoding = 4; lastKnownFileType = sourcecode.swift; name = mediPageViewController.swift; path = ../../../../../../Downloads/mediPageViewController.swift; sourceTree = "<group>"; };
		12C80E772ADAB4EC007D6CEE /* GoogleAuthM.swift */ = {isa = PBXFileReference; lastKnownFileType = sourcecode.swift; path = GoogleAuthM.swift; sourceTree = "<group>"; };
		12DC70362B142453003D1E49 /* CalViewController.swift */ = {isa = PBXFileReference; fileEncoding = 4; lastKnownFileType = sourcecode.swift; path = CalViewController.swift; sourceTree = "<group>"; };
		12DC70382B142518003D1E49 /* TabBarViewController.swift */ = {isa = PBXFileReference; lastKnownFileType = sourcecode.swift; path = TabBarViewController.swift; sourceTree = "<group>"; };
		12DE5B9D2AEF937E0080E1FC /* MainViewController.swift */ = {isa = PBXFileReference; lastKnownFileType = sourcecode.swift; path = MainViewController.swift; sourceTree = "<group>"; };
		EFED71542ACB0148004ED7C7 /* dailyCare.app */ = {isa = PBXFileReference; explicitFileType = wrapper.application; includeInIndex = 0; path = dailyCare.app; sourceTree = BUILT_PRODUCTS_DIR; };
		EFED71572ACB0148004ED7C7 /* AppDelegate.swift */ = {isa = PBXFileReference; lastKnownFileType = sourcecode.swift; path = AppDelegate.swift; sourceTree = "<group>"; };
		EFED71592ACB0148004ED7C7 /* SceneDelegate.swift */ = {isa = PBXFileReference; lastKnownFileType = sourcecode.swift; path = SceneDelegate.swift; sourceTree = "<group>"; };
		EFED715B2ACB0148004ED7C7 /* LoginViewController.swift */ = {isa = PBXFileReference; lastKnownFileType = sourcecode.swift; path = LoginViewController.swift; sourceTree = "<group>"; };
		EFED71602ACB014A004ED7C7 /* Assets.xcassets */ = {isa = PBXFileReference; lastKnownFileType = folder.assetcatalog; path = Assets.xcassets; sourceTree = "<group>"; };
		EFED71632ACB014A004ED7C7 /* Base */ = {isa = PBXFileReference; lastKnownFileType = file.storyboard; name = Base; path = Base.lproj/LaunchScreen.storyboard; sourceTree = "<group>"; };
		EFED71652ACB014A004ED7C7 /* Info.plist */ = {isa = PBXFileReference; lastKnownFileType = text.plist.xml; path = Info.plist; sourceTree = "<group>"; };
		EFED71872ACB0C78004ED7C7 /* KakaoAuthM.swift */ = {isa = PBXFileReference; lastKnownFileType = sourcecode.swift; path = KakaoAuthM.swift; sourceTree = "<group>"; };
/* End PBXFileReference section */

/* Begin PBXFrameworksBuildPhase section */
		EFED71512ACB0148004ED7C7 /* Frameworks */ = {
			isa = PBXFrameworksBuildPhase;
			buildActionMask = 2147483647;
			files = (
				EFED71792ACB02B1004ED7C7 /* KakaoSDKFriendCore in Frameworks */,
				12C32CFA2ADABB0300E68149 /* FirebaseAppCheck in Frameworks */,
				EFED71732ACB02B1004ED7C7 /* KakaoSDKCertCore in Frameworks */,
				EFED71712ACB02B1004ED7C7 /* KakaoSDKCert in Frameworks */,
				EFED718B2ACB0E1A004ED7C7 /* SnapKit in Frameworks */,
				12C32CF62ADABB0300E68149 /* FirebaseAnalyticsSwift in Frameworks */,
				12C0717F2AD15780008474AB /* KakaoSDKStory in Frameworks */,
				12C32CFC2ADABB0300E68149 /* FirebaseAppDistribution-Beta in Frameworks */,
				EFED717F2ACB02B1004ED7C7 /* KakaoSDKStory in Frameworks */,
				12C32D0C2ADABB0300E68149 /* FirebaseFirestoreCombine-Community in Frameworks */,
				12C32D082ADABB0300E68149 /* FirebaseDynamicLinks in Frameworks */,
				EFED717B2ACB02B1004ED7C7 /* KakaoSDKNavi in Frameworks */,
				12C071852AD15780008474AB /* KakaoSDKUser in Frameworks */,
				12C071792AD15780008474AB /* KakaoSDKFriendCore in Frameworks */,
				12C0717D2AD15780008474AB /* KakaoSDKShare in Frameworks */,
				12C071752AD15780008474AB /* KakaoSDKCommon in Frameworks */,
				EFED71832ACB02B1004ED7C7 /* KakaoSDKTemplate in Frameworks */,
				EFED716D2ACB02B1004ED7C7 /* KakaoSDK in Frameworks */,
				12C071672AD15759008474AB /* KakaoSDKCert in Frameworks */,
				EFED71752ACB02B1004ED7C7 /* KakaoSDKCommon in Frameworks */,
				12E7BECF2ADAB8510003F123 /* GoogleSignInSwift in Frameworks */,
				12C32D002ADABB0300E68149 /* FirebaseAuthCombine-Community in Frameworks */,
				EFED71852ACB02B1004ED7C7 /* KakaoSDKUser in Frameworks */,
				12C32D022ADABB0300E68149 /* FirebaseCrashlytics in Frameworks */,
				EFED71812ACB02B1004ED7C7 /* KakaoSDKTalk in Frameworks */,
				EFED716F2ACB02B1004ED7C7 /* KakaoSDKAuth in Frameworks */,
				12C071732AD15780008474AB /* KakaoSDKCertCore in Frameworks */,
				12C071712AD15780008474AB /* KakaoSDKCert in Frameworks */,
				12C071772AD15780008474AB /* KakaoSDKFriend in Frameworks */,
				12C32D0A2ADABB0300E68149 /* FirebaseFirestore in Frameworks */,
				12C32CFE2ADABB0300E68149 /* FirebaseAuth in Frameworks */,
				12C0717B2AD15780008474AB /* KakaoSDKNavi in Frameworks */,
				12E7BECD2ADAB8510003F123 /* GoogleSignIn in Frameworks */,
				12C32D062ADABB0300E68149 /* FirebaseDatabaseSwift in Frameworks */,
				12C32D042ADABB0300E68149 /* FirebaseDatabase in Frameworks */,
				12C071812AD15780008474AB /* KakaoSDKTalk in Frameworks */,
				12C0716D2AD15780008474AB /* KakaoSDK in Frameworks */,
				EFED71772ACB02B1004ED7C7 /* KakaoSDKFriend in Frameworks */,
				EFED717D2ACB02B1004ED7C7 /* KakaoSDKShare in Frameworks */,
				12C32CF22ADABB0300E68149 /* FirebaseAnalytics in Frameworks */,
				12C071632AD15759008474AB /* KakaoSDK in Frameworks */,
				12C32CF82ADABB0300E68149 /* FirebaseAnalyticsWithoutAdIdSupport in Frameworks */,
				12C071832AD15780008474AB /* KakaoSDKTemplate in Frameworks */,
				12C32CF42ADABB0300E68149 /* FirebaseAnalyticsOnDeviceConversion in Frameworks */,
				12C071692AD15759008474AB /* KakaoSDKCertCore in Frameworks */,
				12C0716B2AD15759008474AB /* KakaoSDKCommon in Frameworks */,
				12C071652AD15759008474AB /* KakaoSDKAuth in Frameworks */,
				12C0716F2AD15780008474AB /* KakaoSDKAuth in Frameworks */,
			);
			runOnlyForDeploymentPostprocessing = 0;
		};
/* End PBXFrameworksBuildPhase section */

/* Begin PBXGroup section */
		1237AFC32B142ACB009B05CA /* Login */ = {
			isa = PBXGroup;
			children = (
				EFED71872ACB0C78004ED7C7 /* KakaoAuthM.swift */,
				EFED715B2ACB0148004ED7C7 /* LoginViewController.swift */,
				12C80E772ADAB4EC007D6CEE /* GoogleAuthM.swift */,
			);
			path = Login;
			sourceTree = "<group>";
		};
		1237AFC42B142ADE009B05CA /* Main */ = {
			isa = PBXGroup;
			children = (
				12DE5B9D2AEF937E0080E1FC /* MainViewController.swift */,
				1284FBE42B03B1AE00EEDF28 /* MyCell.swift */,
			);
			path = Main;
			sourceTree = "<group>";
		};
		12DB4A502ACEB30300308BC6 /* Sources */ = {
			isa = PBXGroup;
			children = (
				1237AFC42B142ADE009B05CA /* Main */,
				1237AFC32B142ACB009B05CA /* Login */,
				12DC70362B142453003D1E49 /* CalViewController.swift */,
				12ABD8DA2B159E6D00B22331 /* mediPageViewController.swift */,
				1284FBE12B01DA3500EEDF28 /* TestViewController.swift */,
				1284FBE62B04E0CA00EEDF28 /* ApiParser.swift */,
				12DC70382B142518003D1E49 /* TabBarViewController.swift */,
				1237AFC52B142EC6009B05CA /* PillSearchViewController.swift */,
				12080C1F2B15A42400669617 /* DiseasePageViewController.swift */,
				12080C202B15A42400669617 /* MyPageViewController.swift */,
			);
			path = Sources;
			sourceTree = "<group>";
		};
		12DB4A512ACEB43D00308BC6 /* Storyboards */ = {
			isa = PBXGroup;
			children = (
				EFED71622ACB014A004ED7C7 /* LaunchScreen.storyboard */,
			);
			name = Storyboards;
			path = ..;
			sourceTree = "<group>";
		};
		12DB4A522ACEB4EC00308BC6 /* Resources */ = {
			isa = PBXGroup;
			children = (
				12DB4A512ACEB43D00308BC6 /* Storyboards */,
				EFED71652ACB014A004ED7C7 /* Info.plist */,
				127ABB592ACFB5CE007E8D5E /* Config.xcconfig */,
				1299D4EB2ADD5A5B00BB675F /* GoogleService-Info.plist */,
				EFED71572ACB0148004ED7C7 /* AppDelegate.swift */,
				EFED71602ACB014A004ED7C7 /* Assets.xcassets */,
				EFED71592ACB0148004ED7C7 /* SceneDelegate.swift */,
			);
			path = Resources;
			sourceTree = "<group>";
		};
		EFED714B2ACB0148004ED7C7 = {
			isa = PBXGroup;
			children = (
				EFED71562ACB0148004ED7C7 /* dailyCare */,
				EFED71552ACB0148004ED7C7 /* Products */,
			);
			sourceTree = "<group>";
		};
		EFED71552ACB0148004ED7C7 /* Products */ = {
			isa = PBXGroup;
			children = (
				EFED71542ACB0148004ED7C7 /* dailyCare.app */,
			);
			name = Products;
			sourceTree = "<group>";
		};
		EFED71562ACB0148004ED7C7 /* dailyCare */ = {
			isa = PBXGroup;
			children = (
				12DB4A522ACEB4EC00308BC6 /* Resources */,
				12DB4A502ACEB30300308BC6 /* Sources */,
			);
			path = dailyCare;
			sourceTree = "<group>";
		};
/* End PBXGroup section */

/* Begin PBXNativeTarget section */
		EFED71532ACB0148004ED7C7 /* dailyCare */ = {
			isa = PBXNativeTarget;
			buildConfigurationList = EFED71682ACB014A004ED7C7 /* Build configuration list for PBXNativeTarget "dailyCare" */;
			buildPhases = (
				EFED71502ACB0148004ED7C7 /* Sources */,
				EFED71512ACB0148004ED7C7 /* Frameworks */,
				EFED71522ACB0148004ED7C7 /* Resources */,
			);
			buildRules = (
			);
			dependencies = (
			);
			name = dailyCare;
			packageProductDependencies = (
				EFED716C2ACB02B1004ED7C7 /* KakaoSDK */,
				EFED716E2ACB02B1004ED7C7 /* KakaoSDKAuth */,
				EFED71702ACB02B1004ED7C7 /* KakaoSDKCert */,
				EFED71722ACB02B1004ED7C7 /* KakaoSDKCertCore */,
				EFED71742ACB02B1004ED7C7 /* KakaoSDKCommon */,
				EFED71762ACB02B1004ED7C7 /* KakaoSDKFriend */,
				EFED71782ACB02B1004ED7C7 /* KakaoSDKFriendCore */,
				EFED717A2ACB02B1004ED7C7 /* KakaoSDKNavi */,
				EFED717C2ACB02B1004ED7C7 /* KakaoSDKShare */,
				EFED717E2ACB02B1004ED7C7 /* KakaoSDKStory */,
				EFED71802ACB02B1004ED7C7 /* KakaoSDKTalk */,
				EFED71822ACB02B1004ED7C7 /* KakaoSDKTemplate */,
				EFED71842ACB02B1004ED7C7 /* KakaoSDKUser */,
				EFED718A2ACB0E1A004ED7C7 /* SnapKit */,
				12C071622AD15759008474AB /* KakaoSDK */,
				12C071642AD15759008474AB /* KakaoSDKAuth */,
				12C071662AD15759008474AB /* KakaoSDKCert */,
				12C071682AD15759008474AB /* KakaoSDKCertCore */,
				12C0716A2AD15759008474AB /* KakaoSDKCommon */,
				12C0716C2AD15780008474AB /* KakaoSDK */,
				12C0716E2AD15780008474AB /* KakaoSDKAuth */,
				12C071702AD15780008474AB /* KakaoSDKCert */,
				12C071722AD15780008474AB /* KakaoSDKCertCore */,
				12C071742AD15780008474AB /* KakaoSDKCommon */,
				12C071762AD15780008474AB /* KakaoSDKFriend */,
				12C071782AD15780008474AB /* KakaoSDKFriendCore */,
				12C0717A2AD15780008474AB /* KakaoSDKNavi */,
				12C0717C2AD15780008474AB /* KakaoSDKShare */,
				12C0717E2AD15780008474AB /* KakaoSDKStory */,
				12C071802AD15780008474AB /* KakaoSDKTalk */,
				12C071822AD15780008474AB /* KakaoSDKTemplate */,
				12C071842AD15780008474AB /* KakaoSDKUser */,
				12E7BECC2ADAB8510003F123 /* GoogleSignIn */,
				12E7BECE2ADAB8510003F123 /* GoogleSignInSwift */,
				12C32CF12ADABB0300E68149 /* FirebaseAnalytics */,
				12C32CF32ADABB0300E68149 /* FirebaseAnalyticsOnDeviceConversion */,
				12C32CF52ADABB0300E68149 /* FirebaseAnalyticsSwift */,
				12C32CF72ADABB0300E68149 /* FirebaseAnalyticsWithoutAdIdSupport */,
				12C32CF92ADABB0300E68149 /* FirebaseAppCheck */,
				12C32CFB2ADABB0300E68149 /* FirebaseAppDistribution-Beta */,
				12C32CFD2ADABB0300E68149 /* FirebaseAuth */,
				12C32CFF2ADABB0300E68149 /* FirebaseAuthCombine-Community */,
				12C32D012ADABB0300E68149 /* FirebaseCrashlytics */,
				12C32D032ADABB0300E68149 /* FirebaseDatabase */,
				12C32D052ADABB0300E68149 /* FirebaseDatabaseSwift */,
				12C32D072ADABB0300E68149 /* FirebaseDynamicLinks */,
				12C32D092ADABB0300E68149 /* FirebaseFirestore */,
				12C32D0B2ADABB0300E68149 /* FirebaseFirestoreCombine-Community */,
			);
			productName = kakaologinUIkit;
			productReference = EFED71542ACB0148004ED7C7 /* dailyCare.app */;
			productType = "com.apple.product-type.application";
		};
/* End PBXNativeTarget section */

/* Begin PBXProject section */
		EFED714C2ACB0148004ED7C7 /* Project object */ = {
			isa = PBXProject;
			attributes = {
				BuildIndependentTargetsInParallel = 1;
				LastSwiftUpdateCheck = 1430;
				LastUpgradeCheck = 1430;
				TargetAttributes = {
					EFED71532ACB0148004ED7C7 = {
						CreatedOnToolsVersion = 14.3.1;
					};
				};
			};
			buildConfigurationList = EFED714F2ACB0148004ED7C7 /* Build configuration list for PBXProject "dailyCare" */;
			compatibilityVersion = "Xcode 14.0";
			developmentRegion = en;
			hasScannedForEncodings = 0;
			knownRegions = (
				en,
				Base,
			);
			mainGroup = EFED714B2ACB0148004ED7C7;
			packageReferences = (
				EFED716B2ACB02B1004ED7C7 /* XCRemoteSwiftPackageReference "kakao-ios-sdk" */,
				EFED71892ACB0E1A004ED7C7 /* XCRemoteSwiftPackageReference "SnapKit" */,
				12E7BECB2ADAB8510003F123 /* XCRemoteSwiftPackageReference "GoogleSignIn-iOS" */,
				12C32CF02ADABB0300E68149 /* XCRemoteSwiftPackageReference "firebase-ios-sdk" */,
			);
			productRefGroup = EFED71552ACB0148004ED7C7 /* Products */;
			projectDirPath = "";
			projectRoot = "";
			targets = (
				EFED71532ACB0148004ED7C7 /* dailyCare */,
			);
		};
/* End PBXProject section */

/* Begin PBXResourcesBuildPhase section */
		EFED71522ACB0148004ED7C7 /* Resources */ = {
			isa = PBXResourcesBuildPhase;
			buildActionMask = 2147483647;
			files = (
				EFED71642ACB014A004ED7C7 /* LaunchScreen.storyboard in Resources */,
				1299D4EC2ADD5A5B00BB675F /* GoogleService-Info.plist in Resources */,
				EFED71612ACB014A004ED7C7 /* Assets.xcassets in Resources */,
			);
			runOnlyForDeploymentPostprocessing = 0;
		};
/* End PBXResourcesBuildPhase section */

/* Begin PBXSourcesBuildPhase section */
		EFED71502ACB0148004ED7C7 /* Sources */ = {
			isa = PBXSourcesBuildPhase;
			buildActionMask = 2147483647;
			files = (
				1284FBE22B01DA3500EEDF28 /* TestViewController.swift in Sources */,
				12DC70372B142453003D1E49 /* CalViewController.swift in Sources */,
				12DC70392B142518003D1E49 /* TabBarViewController.swift in Sources */,
				1284FBE72B04E0CA00EEDF28 /* ApiParser.swift in Sources */,
				EFED71882ACB0C78004ED7C7 /* KakaoAuthM.swift in Sources */,
				12C80E782ADAB4EC007D6CEE /* GoogleAuthM.swift in Sources */,
				12080C212B15A42500669617 /* DiseasePageViewController.swift in Sources */,
				EFED715C2ACB0148004ED7C7 /* LoginViewController.swift in Sources */,
				12ABD8DB2B159E6E00B22331 /* mediPageViewController.swift in Sources */,
				12DE5B9E2AEF937E0080E1FC /* MainViewController.swift in Sources */,
				12080C222B15A42500669617 /* MyPageViewController.swift in Sources */,
				1284FBE52B03B1AE00EEDF28 /* MyCell.swift in Sources */,
				EFED71582ACB0148004ED7C7 /* AppDelegate.swift in Sources */,
				EFED715A2ACB0148004ED7C7 /* SceneDelegate.swift in Sources */,
				1237AFC62B142EC6009B05CA /* PillSearchViewController.swift in Sources */,
			);
			runOnlyForDeploymentPostprocessing = 0;
		};
/* End PBXSourcesBuildPhase section */

/* Begin PBXVariantGroup section */
		EFED71622ACB014A004ED7C7 /* LaunchScreen.storyboard */ = {
			isa = PBXVariantGroup;
			children = (
				EFED71632ACB014A004ED7C7 /* Base */,
			);
			name = LaunchScreen.storyboard;
			sourceTree = "<group>";
		};
/* End PBXVariantGroup section */

/* Begin XCBuildConfiguration section */
		EFED71662ACB014A004ED7C7 /* Debug */ = {
			isa = XCBuildConfiguration;
			buildSettings = {
				ALWAYS_SEARCH_USER_PATHS = NO;
				CLANG_ANALYZER_NONNULL = YES;
				CLANG_ANALYZER_NUMBER_OBJECT_CONVERSION = YES_AGGRESSIVE;
				CLANG_CXX_LANGUAGE_STANDARD = "gnu++20";
				CLANG_ENABLE_MODULES = YES;
				CLANG_ENABLE_OBJC_ARC = YES;
				CLANG_ENABLE_OBJC_WEAK = YES;
				CLANG_WARN_BLOCK_CAPTURE_AUTORELEASING = YES;
				CLANG_WARN_BOOL_CONVERSION = YES;
				CLANG_WARN_COMMA = YES;
				CLANG_WARN_CONSTANT_CONVERSION = YES;
				CLANG_WARN_DEPRECATED_OBJC_IMPLEMENTATIONS = YES;
				CLANG_WARN_DIRECT_OBJC_ISA_USAGE = YES_ERROR;
				CLANG_WARN_DOCUMENTATION_COMMENTS = YES;
				CLANG_WARN_EMPTY_BODY = YES;
				CLANG_WARN_ENUM_CONVERSION = YES;
				CLANG_WARN_INFINITE_RECURSION = YES;
				CLANG_WARN_INT_CONVERSION = YES;
				CLANG_WARN_NON_LITERAL_NULL_CONVERSION = YES;
				CLANG_WARN_OBJC_IMPLICIT_RETAIN_SELF = YES;
				CLANG_WARN_OBJC_LITERAL_CONVERSION = YES;
				CLANG_WARN_OBJC_ROOT_CLASS = YES_ERROR;
				CLANG_WARN_QUOTED_INCLUDE_IN_FRAMEWORK_HEADER = YES;
				CLANG_WARN_RANGE_LOOP_ANALYSIS = YES;
				CLANG_WARN_STRICT_PROTOTYPES = YES;
				CLANG_WARN_SUSPICIOUS_MOVE = YES;
				CLANG_WARN_UNGUARDED_AVAILABILITY = YES_AGGRESSIVE;
				CLANG_WARN_UNREACHABLE_CODE = YES;
				CLANG_WARN__DUPLICATE_METHOD_MATCH = YES;
				COPY_PHASE_STRIP = NO;
				DEBUG_INFORMATION_FORMAT = dwarf;
				ENABLE_STRICT_OBJC_MSGSEND = YES;
				ENABLE_TESTABILITY = YES;
				GCC_C_LANGUAGE_STANDARD = gnu11;
				GCC_DYNAMIC_NO_PIC = NO;
				GCC_NO_COMMON_BLOCKS = YES;
				GCC_OPTIMIZATION_LEVEL = 0;
				GCC_PREPROCESSOR_DEFINITIONS = (
					"DEBUG=1",
					"$(inherited)",
				);
				GCC_WARN_64_TO_32_BIT_CONVERSION = YES;
				GCC_WARN_ABOUT_RETURN_TYPE = YES_ERROR;
				GCC_WARN_UNDECLARED_SELECTOR = YES;
				GCC_WARN_UNINITIALIZED_AUTOS = YES_AGGRESSIVE;
				GCC_WARN_UNUSED_FUNCTION = YES;
				GCC_WARN_UNUSED_VARIABLE = YES;
				IPHONEOS_DEPLOYMENT_TARGET = 16.4;
				MTL_ENABLE_DEBUG_INFO = INCLUDE_SOURCE;
				MTL_FAST_MATH = YES;
				ONLY_ACTIVE_ARCH = YES;
				SDKROOT = iphoneos;
				SWIFT_ACTIVE_COMPILATION_CONDITIONS = DEBUG;
				SWIFT_OPTIMIZATION_LEVEL = "-Onone";
			};
			name = Debug;
		};
		EFED71672ACB014A004ED7C7 /* Release */ = {
			isa = XCBuildConfiguration;
			buildSettings = {
				ALWAYS_SEARCH_USER_PATHS = NO;
				CLANG_ANALYZER_NONNULL = YES;
				CLANG_ANALYZER_NUMBER_OBJECT_CONVERSION = YES_AGGRESSIVE;
				CLANG_CXX_LANGUAGE_STANDARD = "gnu++20";
				CLANG_ENABLE_MODULES = YES;
				CLANG_ENABLE_OBJC_ARC = YES;
				CLANG_ENABLE_OBJC_WEAK = YES;
				CLANG_WARN_BLOCK_CAPTURE_AUTORELEASING = YES;
				CLANG_WARN_BOOL_CONVERSION = YES;
				CLANG_WARN_COMMA = YES;
				CLANG_WARN_CONSTANT_CONVERSION = YES;
				CLANG_WARN_DEPRECATED_OBJC_IMPLEMENTATIONS = YES;
				CLANG_WARN_DIRECT_OBJC_ISA_USAGE = YES_ERROR;
				CLANG_WARN_DOCUMENTATION_COMMENTS = YES;
				CLANG_WARN_EMPTY_BODY = YES;
				CLANG_WARN_ENUM_CONVERSION = YES;
				CLANG_WARN_INFINITE_RECURSION = YES;
				CLANG_WARN_INT_CONVERSION = YES;
				CLANG_WARN_NON_LITERAL_NULL_CONVERSION = YES;
				CLANG_WARN_OBJC_IMPLICIT_RETAIN_SELF = YES;
				CLANG_WARN_OBJC_LITERAL_CONVERSION = YES;
				CLANG_WARN_OBJC_ROOT_CLASS = YES_ERROR;
				CLANG_WARN_QUOTED_INCLUDE_IN_FRAMEWORK_HEADER = YES;
				CLANG_WARN_RANGE_LOOP_ANALYSIS = YES;
				CLANG_WARN_STRICT_PROTOTYPES = YES;
				CLANG_WARN_SUSPICIOUS_MOVE = YES;
				CLANG_WARN_UNGUARDED_AVAILABILITY = YES_AGGRESSIVE;
				CLANG_WARN_UNREACHABLE_CODE = YES;
				CLANG_WARN__DUPLICATE_METHOD_MATCH = YES;
				COPY_PHASE_STRIP = NO;
				DEBUG_INFORMATION_FORMAT = "dwarf-with-dsym";
				ENABLE_NS_ASSERTIONS = NO;
				ENABLE_STRICT_OBJC_MSGSEND = YES;
				GCC_C_LANGUAGE_STANDARD = gnu11;
				GCC_NO_COMMON_BLOCKS = YES;
				GCC_WARN_64_TO_32_BIT_CONVERSION = YES;
				GCC_WARN_ABOUT_RETURN_TYPE = YES_ERROR;
				GCC_WARN_UNDECLARED_SELECTOR = YES;
				GCC_WARN_UNINITIALIZED_AUTOS = YES_AGGRESSIVE;
				GCC_WARN_UNUSED_FUNCTION = YES;
				GCC_WARN_UNUSED_VARIABLE = YES;
				IPHONEOS_DEPLOYMENT_TARGET = 16.4;
				MTL_ENABLE_DEBUG_INFO = NO;
				MTL_FAST_MATH = YES;
				SDKROOT = iphoneos;
				SWIFT_COMPILATION_MODE = wholemodule;
				SWIFT_OPTIMIZATION_LEVEL = "-O";
				VALIDATE_PRODUCT = YES;
			};
			name = Release;
		};
		EFED71692ACB014A004ED7C7 /* Debug */ = {
			isa = XCBuildConfiguration;
			baseConfigurationReference = 127ABB592ACFB5CE007E8D5E /* Config.xcconfig */;
			buildSettings = {
				ASSETCATALOG_COMPILER_APPICON_NAME = AppIcon;
				ASSETCATALOG_COMPILER_GLOBAL_ACCENT_COLOR_NAME = AccentColor;
				CODE_SIGN_ENTITLEMENTS = dailyCare/dailyCare.entitlements;
				CODE_SIGN_STYLE = Automatic;
				CURRENT_PROJECT_VERSION = 1;
				DEBUG_INFORMATION_FORMAT = "dwarf-with-dsym";
				DEVELOPMENT_TEAM = "";
				GENERATE_INFOPLIST_FILE = YES;
				INFOPLIST_FILE = dailyCare/Resources/info.plist;
				INFOPLIST_KEY_UIApplicationSupportsIndirectInputEvents = YES;
				INFOPLIST_KEY_UILaunchStoryboardName = LaunchScreen;
				INFOPLIST_KEY_UISupportedInterfaceOrientations_iPad = "UIInterfaceOrientationPortrait UIInterfaceOrientationPortraitUpsideDown UIInterfaceOrientationLandscapeLeft UIInterfaceOrientationLandscapeRight";
				INFOPLIST_KEY_UISupportedInterfaceOrientations_iPhone = "UIInterfaceOrientationPortrait UIInterfaceOrientationLandscapeLeft UIInterfaceOrientationLandscapeRight";
				LD_RUNPATH_SEARCH_PATHS = (
					"$(inherited)",
					"@executable_path/Frameworks",
				);
				MARKETING_VERSION = 1.0;
				PRODUCT_BUNDLE_IDENTIFIER = com.dailyCare.app;
				PRODUCT_NAME = "$(TARGET_NAME)";
				SWIFT_EMIT_LOC_STRINGS = YES;
				SWIFT_VERSION = 5.0;
				TARGETED_DEVICE_FAMILY = "1,2";
			};
			name = Debug;
		};
		EFED716A2ACB014A004ED7C7 /* Release */ = {
			isa = XCBuildConfiguration;
			baseConfigurationReference = 127ABB592ACFB5CE007E8D5E /* Config.xcconfig */;
			buildSettings = {
				ASSETCATALOG_COMPILER_APPICON_NAME = AppIcon;
				ASSETCATALOG_COMPILER_GLOBAL_ACCENT_COLOR_NAME = AccentColor;
				CODE_SIGN_ENTITLEMENTS = dailyCare/dailyCare.entitlements;
				CODE_SIGN_STYLE = Automatic;
				CURRENT_PROJECT_VERSION = 1;
				DEVELOPMENT_TEAM = "";
				GENERATE_INFOPLIST_FILE = YES;
				INFOPLIST_FILE = dailyCare/Resources/info.plist;
				INFOPLIST_KEY_UIApplicationSupportsIndirectInputEvents = YES;
				INFOPLIST_KEY_UILaunchStoryboardName = LaunchScreen;
				INFOPLIST_KEY_UISupportedInterfaceOrientations_iPad = "UIInterfaceOrientationPortrait UIInterfaceOrientationPortraitUpsideDown UIInterfaceOrientationLandscapeLeft UIInterfaceOrientationLandscapeRight";
				INFOPLIST_KEY_UISupportedInterfaceOrientations_iPhone = "UIInterfaceOrientationPortrait UIInterfaceOrientationLandscapeLeft UIInterfaceOrientationLandscapeRight";
				LD_RUNPATH_SEARCH_PATHS = (
					"$(inherited)",
					"@executable_path/Frameworks",
				);
				MARKETING_VERSION = 1.0;
				PRODUCT_BUNDLE_IDENTIFIER = com.dailyCare.app;
				PRODUCT_NAME = "$(TARGET_NAME)";
				SWIFT_EMIT_LOC_STRINGS = YES;
				SWIFT_VERSION = 5.0;
				TARGETED_DEVICE_FAMILY = "1,2";
			};
			name = Release;
		};
/* End XCBuildConfiguration section */

/* Begin XCConfigurationList section */
		EFED714F2ACB0148004ED7C7 /* Build configuration list for PBXProject "dailyCare" */ = {
			isa = XCConfigurationList;
			buildConfigurations = (
				EFED71662ACB014A004ED7C7 /* Debug */,
				EFED71672ACB014A004ED7C7 /* Release */,
			);
			defaultConfigurationIsVisible = 0;
			defaultConfigurationName = Release;
		};
		EFED71682ACB014A004ED7C7 /* Build configuration list for PBXNativeTarget "dailyCare" */ = {
			isa = XCConfigurationList;
			buildConfigurations = (
				EFED71692ACB014A004ED7C7 /* Debug */,
				EFED716A2ACB014A004ED7C7 /* Release */,
			);
			defaultConfigurationIsVisible = 0;
			defaultConfigurationName = Release;
		};
/* End XCConfigurationList section */

/* Begin XCRemoteSwiftPackageReference section */
		12C32CF02ADABB0300E68149 /* XCRemoteSwiftPackageReference "firebase-ios-sdk" */ = {
			isa = XCRemoteSwiftPackageReference;
			repositoryURL = "https://github.com/firebase/firebase-ios-sdk";
			requirement = {
				kind = upToNextMajorVersion;
				minimumVersion = 10.16.0;
			};
		};
		12E7BECB2ADAB8510003F123 /* XCRemoteSwiftPackageReference "GoogleSignIn-iOS" */ = {
			isa = XCRemoteSwiftPackageReference;
			repositoryURL = "https://github.com/google/GoogleSignIn-iOS.git";
			requirement = {
				kind = upToNextMajorVersion;
				minimumVersion = 7.0.0;
			};
		};
		EFED716B2ACB02B1004ED7C7 /* XCRemoteSwiftPackageReference "kakao-ios-sdk" */ = {
			isa = XCRemoteSwiftPackageReference;
			repositoryURL = "https://github.com/kakao/kakao-ios-sdk";
			requirement = {
				kind = upToNextMajorVersion;
				minimumVersion = 2.0.0;
			};
		};
		EFED71892ACB0E1A004ED7C7 /* XCRemoteSwiftPackageReference "SnapKit" */ = {
			isa = XCRemoteSwiftPackageReference;
			repositoryURL = "https://github.com/SnapKit/SnapKit.git";
			requirement = {
				kind = upToNextMajorVersion;
				minimumVersion = 5.0.0;
			};
		};
/* End XCRemoteSwiftPackageReference section */

/* Begin XCSwiftPackageProductDependency section */
		12C071622AD15759008474AB /* KakaoSDK */ = {
			isa = XCSwiftPackageProductDependency;
			package = EFED716B2ACB02B1004ED7C7 /* XCRemoteSwiftPackageReference "kakao-ios-sdk" */;
			productName = KakaoSDK;
		};
		12C071642AD15759008474AB /* KakaoSDKAuth */ = {
			isa = XCSwiftPackageProductDependency;
			package = EFED716B2ACB02B1004ED7C7 /* XCRemoteSwiftPackageReference "kakao-ios-sdk" */;
			productName = KakaoSDKAuth;
		};
		12C071662AD15759008474AB /* KakaoSDKCert */ = {
			isa = XCSwiftPackageProductDependency;
			package = EFED716B2ACB02B1004ED7C7 /* XCRemoteSwiftPackageReference "kakao-ios-sdk" */;
			productName = KakaoSDKCert;
		};
		12C071682AD15759008474AB /* KakaoSDKCertCore */ = {
			isa = XCSwiftPackageProductDependency;
			package = EFED716B2ACB02B1004ED7C7 /* XCRemoteSwiftPackageReference "kakao-ios-sdk" */;
			productName = KakaoSDKCertCore;
		};
		12C0716A2AD15759008474AB /* KakaoSDKCommon */ = {
			isa = XCSwiftPackageProductDependency;
			package = EFED716B2ACB02B1004ED7C7 /* XCRemoteSwiftPackageReference "kakao-ios-sdk" */;
			productName = KakaoSDKCommon;
		};
		12C0716C2AD15780008474AB /* KakaoSDK */ = {
			isa = XCSwiftPackageProductDependency;
			package = EFED716B2ACB02B1004ED7C7 /* XCRemoteSwiftPackageReference "kakao-ios-sdk" */;
			productName = KakaoSDK;
		};
		12C0716E2AD15780008474AB /* KakaoSDKAuth */ = {
			isa = XCSwiftPackageProductDependency;
			package = EFED716B2ACB02B1004ED7C7 /* XCRemoteSwiftPackageReference "kakao-ios-sdk" */;
			productName = KakaoSDKAuth;
		};
		12C071702AD15780008474AB /* KakaoSDKCert */ = {
			isa = XCSwiftPackageProductDependency;
			package = EFED716B2ACB02B1004ED7C7 /* XCRemoteSwiftPackageReference "kakao-ios-sdk" */;
			productName = KakaoSDKCert;
		};
		12C071722AD15780008474AB /* KakaoSDKCertCore */ = {
			isa = XCSwiftPackageProductDependency;
			package = EFED716B2ACB02B1004ED7C7 /* XCRemoteSwiftPackageReference "kakao-ios-sdk" */;
			productName = KakaoSDKCertCore;
		};
		12C071742AD15780008474AB /* KakaoSDKCommon */ = {
			isa = XCSwiftPackageProductDependency;
			package = EFED716B2ACB02B1004ED7C7 /* XCRemoteSwiftPackageReference "kakao-ios-sdk" */;
			productName = KakaoSDKCommon;
		};
		12C071762AD15780008474AB /* KakaoSDKFriend */ = {
			isa = XCSwiftPackageProductDependency;
			package = EFED716B2ACB02B1004ED7C7 /* XCRemoteSwiftPackageReference "kakao-ios-sdk" */;
			productName = KakaoSDKFriend;
		};
		12C071782AD15780008474AB /* KakaoSDKFriendCore */ = {
			isa = XCSwiftPackageProductDependency;
			package = EFED716B2ACB02B1004ED7C7 /* XCRemoteSwiftPackageReference "kakao-ios-sdk" */;
			productName = KakaoSDKFriendCore;
		};
		12C0717A2AD15780008474AB /* KakaoSDKNavi */ = {
			isa = XCSwiftPackageProductDependency;
			package = EFED716B2ACB02B1004ED7C7 /* XCRemoteSwiftPackageReference "kakao-ios-sdk" */;
			productName = KakaoSDKNavi;
		};
		12C0717C2AD15780008474AB /* KakaoSDKShare */ = {
			isa = XCSwiftPackageProductDependency;
			package = EFED716B2ACB02B1004ED7C7 /* XCRemoteSwiftPackageReference "kakao-ios-sdk" */;
			productName = KakaoSDKShare;
		};
		12C0717E2AD15780008474AB /* KakaoSDKStory */ = {
			isa = XCSwiftPackageProductDependency;
			package = EFED716B2ACB02B1004ED7C7 /* XCRemoteSwiftPackageReference "kakao-ios-sdk" */;
			productName = KakaoSDKStory;
		};
		12C071802AD15780008474AB /* KakaoSDKTalk */ = {
			isa = XCSwiftPackageProductDependency;
			package = EFED716B2ACB02B1004ED7C7 /* XCRemoteSwiftPackageReference "kakao-ios-sdk" */;
			productName = KakaoSDKTalk;
		};
		12C071822AD15780008474AB /* KakaoSDKTemplate */ = {
			isa = XCSwiftPackageProductDependency;
			package = EFED716B2ACB02B1004ED7C7 /* XCRemoteSwiftPackageReference "kakao-ios-sdk" */;
			productName = KakaoSDKTemplate;
		};
		12C071842AD15780008474AB /* KakaoSDKUser */ = {
			isa = XCSwiftPackageProductDependency;
			package = EFED716B2ACB02B1004ED7C7 /* XCRemoteSwiftPackageReference "kakao-ios-sdk" */;
			productName = KakaoSDKUser;
		};
		12C32CF12ADABB0300E68149 /* FirebaseAnalytics */ = {
			isa = XCSwiftPackageProductDependency;
			package = 12C32CF02ADABB0300E68149 /* XCRemoteSwiftPackageReference "firebase-ios-sdk" */;
			productName = FirebaseAnalytics;
		};
		12C32CF32ADABB0300E68149 /* FirebaseAnalyticsOnDeviceConversion */ = {
			isa = XCSwiftPackageProductDependency;
			package = 12C32CF02ADABB0300E68149 /* XCRemoteSwiftPackageReference "firebase-ios-sdk" */;
			productName = FirebaseAnalyticsOnDeviceConversion;
		};
		12C32CF52ADABB0300E68149 /* FirebaseAnalyticsSwift */ = {
			isa = XCSwiftPackageProductDependency;
			package = 12C32CF02ADABB0300E68149 /* XCRemoteSwiftPackageReference "firebase-ios-sdk" */;
			productName = FirebaseAnalyticsSwift;
		};
		12C32CF72ADABB0300E68149 /* FirebaseAnalyticsWithoutAdIdSupport */ = {
			isa = XCSwiftPackageProductDependency;
			package = 12C32CF02ADABB0300E68149 /* XCRemoteSwiftPackageReference "firebase-ios-sdk" */;
			productName = FirebaseAnalyticsWithoutAdIdSupport;
		};
		12C32CF92ADABB0300E68149 /* FirebaseAppCheck */ = {
			isa = XCSwiftPackageProductDependency;
			package = 12C32CF02ADABB0300E68149 /* XCRemoteSwiftPackageReference "firebase-ios-sdk" */;
			productName = FirebaseAppCheck;
		};
		12C32CFB2ADABB0300E68149 /* FirebaseAppDistribution-Beta */ = {
			isa = XCSwiftPackageProductDependency;
			package = 12C32CF02ADABB0300E68149 /* XCRemoteSwiftPackageReference "firebase-ios-sdk" */;
			productName = "FirebaseAppDistribution-Beta";
		};
		12C32CFD2ADABB0300E68149 /* FirebaseAuth */ = {
			isa = XCSwiftPackageProductDependency;
			package = 12C32CF02ADABB0300E68149 /* XCRemoteSwiftPackageReference "firebase-ios-sdk" */;
			productName = FirebaseAuth;
		};
		12C32CFF2ADABB0300E68149 /* FirebaseAuthCombine-Community */ = {
			isa = XCSwiftPackageProductDependency;
			package = 12C32CF02ADABB0300E68149 /* XCRemoteSwiftPackageReference "firebase-ios-sdk" */;
			productName = "FirebaseAuthCombine-Community";
		};
		12C32D012ADABB0300E68149 /* FirebaseCrashlytics */ = {
			isa = XCSwiftPackageProductDependency;
			package = 12C32CF02ADABB0300E68149 /* XCRemoteSwiftPackageReference "firebase-ios-sdk" */;
			productName = FirebaseCrashlytics;
		};
		12C32D032ADABB0300E68149 /* FirebaseDatabase */ = {
			isa = XCSwiftPackageProductDependency;
			package = 12C32CF02ADABB0300E68149 /* XCRemoteSwiftPackageReference "firebase-ios-sdk" */;
			productName = FirebaseDatabase;
		};
		12C32D052ADABB0300E68149 /* FirebaseDatabaseSwift */ = {
			isa = XCSwiftPackageProductDependency;
			package = 12C32CF02ADABB0300E68149 /* XCRemoteSwiftPackageReference "firebase-ios-sdk" */;
			productName = FirebaseDatabaseSwift;
		};
		12C32D072ADABB0300E68149 /* FirebaseDynamicLinks */ = {
			isa = XCSwiftPackageProductDependency;
			package = 12C32CF02ADABB0300E68149 /* XCRemoteSwiftPackageReference "firebase-ios-sdk" */;
			productName = FirebaseDynamicLinks;
		};
		12C32D092ADABB0300E68149 /* FirebaseFirestore */ = {
			isa = XCSwiftPackageProductDependency;
			package = 12C32CF02ADABB0300E68149 /* XCRemoteSwiftPackageReference "firebase-ios-sdk" */;
			productName = FirebaseFirestore;
		};
		12C32D0B2ADABB0300E68149 /* FirebaseFirestoreCombine-Community */ = {
			isa = XCSwiftPackageProductDependency;
			package = 12C32CF02ADABB0300E68149 /* XCRemoteSwiftPackageReference "firebase-ios-sdk" */;
			productName = "FirebaseFirestoreCombine-Community";
		};
		12E7BECC2ADAB8510003F123 /* GoogleSignIn */ = {
			isa = XCSwiftPackageProductDependency;
			package = 12E7BECB2ADAB8510003F123 /* XCRemoteSwiftPackageReference "GoogleSignIn-iOS" */;
			productName = GoogleSignIn;
		};
		12E7BECE2ADAB8510003F123 /* GoogleSignInSwift */ = {
			isa = XCSwiftPackageProductDependency;
			package = 12E7BECB2ADAB8510003F123 /* XCRemoteSwiftPackageReference "GoogleSignIn-iOS" */;
			productName = GoogleSignInSwift;
		};
		EFED716C2ACB02B1004ED7C7 /* KakaoSDK */ = {
			isa = XCSwiftPackageProductDependency;
			package = EFED716B2ACB02B1004ED7C7 /* XCRemoteSwiftPackageReference "kakao-ios-sdk" */;
			productName = KakaoSDK;
		};
		EFED716E2ACB02B1004ED7C7 /* KakaoSDKAuth */ = {
			isa = XCSwiftPackageProductDependency;
			package = EFED716B2ACB02B1004ED7C7 /* XCRemoteSwiftPackageReference "kakao-ios-sdk" */;
			productName = KakaoSDKAuth;
		};
		EFED71702ACB02B1004ED7C7 /* KakaoSDKCert */ = {
			isa = XCSwiftPackageProductDependency;
			package = EFED716B2ACB02B1004ED7C7 /* XCRemoteSwiftPackageReference "kakao-ios-sdk" */;
			productName = KakaoSDKCert;
		};
		EFED71722ACB02B1004ED7C7 /* KakaoSDKCertCore */ = {
			isa = XCSwiftPackageProductDependency;
			package = EFED716B2ACB02B1004ED7C7 /* XCRemoteSwiftPackageReference "kakao-ios-sdk" */;
			productName = KakaoSDKCertCore;
		};
		EFED71742ACB02B1004ED7C7 /* KakaoSDKCommon */ = {
			isa = XCSwiftPackageProductDependency;
			package = EFED716B2ACB02B1004ED7C7 /* XCRemoteSwiftPackageReference "kakao-ios-sdk" */;
			productName = KakaoSDKCommon;
		};
		EFED71762ACB02B1004ED7C7 /* KakaoSDKFriend */ = {
			isa = XCSwiftPackageProductDependency;
			package = EFED716B2ACB02B1004ED7C7 /* XCRemoteSwiftPackageReference "kakao-ios-sdk" */;
			productName = KakaoSDKFriend;
		};
		EFED71782ACB02B1004ED7C7 /* KakaoSDKFriendCore */ = {
			isa = XCSwiftPackageProductDependency;
			package = EFED716B2ACB02B1004ED7C7 /* XCRemoteSwiftPackageReference "kakao-ios-sdk" */;
			productName = KakaoSDKFriendCore;
		};
		EFED717A2ACB02B1004ED7C7 /* KakaoSDKNavi */ = {
			isa = XCSwiftPackageProductDependency;
			package = EFED716B2ACB02B1004ED7C7 /* XCRemoteSwiftPackageReference "kakao-ios-sdk" */;
			productName = KakaoSDKNavi;
		};
		EFED717C2ACB02B1004ED7C7 /* KakaoSDKShare */ = {
			isa = XCSwiftPackageProductDependency;
			package = EFED716B2ACB02B1004ED7C7 /* XCRemoteSwiftPackageReference "kakao-ios-sdk" */;
			productName = KakaoSDKShare;
		};
		EFED717E2ACB02B1004ED7C7 /* KakaoSDKStory */ = {
			isa = XCSwiftPackageProductDependency;
			package = EFED716B2ACB02B1004ED7C7 /* XCRemoteSwiftPackageReference "kakao-ios-sdk" */;
			productName = KakaoSDKStory;
		};
		EFED71802ACB02B1004ED7C7 /* KakaoSDKTalk */ = {
			isa = XCSwiftPackageProductDependency;
			package = EFED716B2ACB02B1004ED7C7 /* XCRemoteSwiftPackageReference "kakao-ios-sdk" */;
			productName = KakaoSDKTalk;
		};
		EFED71822ACB02B1004ED7C7 /* KakaoSDKTemplate */ = {
			isa = XCSwiftPackageProductDependency;
			package = EFED716B2ACB02B1004ED7C7 /* XCRemoteSwiftPackageReference "kakao-ios-sdk" */;
			productName = KakaoSDKTemplate;
		};
		EFED71842ACB02B1004ED7C7 /* KakaoSDKUser */ = {
			isa = XCSwiftPackageProductDependency;
			package = EFED716B2ACB02B1004ED7C7 /* XCRemoteSwiftPackageReference "kakao-ios-sdk" */;
			productName = KakaoSDKUser;
		};
		EFED718A2ACB0E1A004ED7C7 /* SnapKit */ = {
			isa = XCSwiftPackageProductDependency;
			package = EFED71892ACB0E1A004ED7C7 /* XCRemoteSwiftPackageReference "SnapKit" */;
			productName = SnapKit;
		};
/* End XCSwiftPackageProductDependency section */
	};
	rootObject = EFED714C2ACB0148004ED7C7 /* Project object */;
}
